// !$*UTF8*$!
{
	archiveVersion = 1;
	classes = {
	};
	objectVersion = 55;
	objects = {

/* Begin PBXBuildFile section */
		11178DD72784BDE700FA0D69 /* AppDelegate.swift in Sources */ = {isa = PBXBuildFile; fileRef = 11178DD62784BDE700FA0D69 /* AppDelegate.swift */; };
		11178DD92784BDE700FA0D69 /* SceneDelegate.swift in Sources */ = {isa = PBXBuildFile; fileRef = 11178DD82784BDE700FA0D69 /* SceneDelegate.swift */; };
		11178DDB2784BDE700FA0D69 /* ViewController.swift in Sources */ = {isa = PBXBuildFile; fileRef = 11178DDA2784BDE700FA0D69 /* ViewController.swift */; };
		11178DDE2784BDE700FA0D69 /* Main.storyboard in Resources */ = {isa = PBXBuildFile; fileRef = 11178DDC2784BDE700FA0D69 /* Main.storyboard */; };
		11178DE02784BDE800FA0D69 /* Assets.xcassets in Resources */ = {isa = PBXBuildFile; fileRef = 11178DDF2784BDE800FA0D69 /* Assets.xcassets */; };
		11178DE32784BDE800FA0D69 /* LaunchScreen.storyboard in Resources */ = {isa = PBXBuildFile; fileRef = 11178DE12784BDE800FA0D69 /* LaunchScreen.storyboard */; };
		11178DEE2784BDE900FA0D69 /* Odds_and_EvensTests.swift in Sources */ = {isa = PBXBuildFile; fileRef = 11178DED2784BDE900FA0D69 /* Odds_and_EvensTests.swift */; };
		11178DF82784BDE900FA0D69 /* Odds_and_EvensUITests.swift in Sources */ = {isa = PBXBuildFile; fileRef = 11178DF72784BDE900FA0D69 /* Odds_and_EvensUITests.swift */; };
		11178DFA2784BDE900FA0D69 /* Odds_and_EvensUITestsLaunchTests.swift in Sources */ = {isa = PBXBuildFile; fileRef = 11178DF92784BDE900FA0D69 /* Odds_and_EvensUITestsLaunchTests.swift */; };
/* End PBXBuildFile section */

/* Begin PBXContainerItemProxy section */
		11178DEA2784BDE900FA0D69 /* PBXContainerItemProxy */ = {
			isa = PBXContainerItemProxy;
			containerPortal = 11178DCB2784BDE700FA0D69 /* Project object */;
			proxyType = 1;
			remoteGlobalIDString = 11178DD22784BDE700FA0D69;
			remoteInfo = "Odds and Evens";
		};
		11178DF42784BDE900FA0D69 /* PBXContainerItemProxy */ = {
			isa = PBXContainerItemProxy;
			containerPortal = 11178DCB2784BDE700FA0D69 /* Project object */;
			proxyType = 1;
			remoteGlobalIDString = 11178DD22784BDE700FA0D69;
			remoteInfo = "Odds and Evens";
		};
/* End PBXContainerItemProxy section */

/* Begin PBXFileReference section */
		11178DD32784BDE700FA0D69 /* Odds and Evens.app */ = {isa = PBXFileReference; explicitFileType = wrapper.application; includeInIndex = 0; path = "Odds and Evens.app"; sourceTree = BUILT_PRODUCTS_DIR; };
		11178DD62784BDE700FA0D69 /* AppDelegate.swift */ = {isa = PBXFileReference; lastKnownFileType = sourcecode.swift; path = AppDelegate.swift; sourceTree = "<group>"; };
		11178DD82784BDE700FA0D69 /* SceneDelegate.swift */ = {isa = PBXFileReference; lastKnownFileType = sourcecode.swift; path = SceneDelegate.swift; sourceTree = "<group>"; };
		11178DDA2784BDE700FA0D69 /* ViewController.swift */ = {isa = PBXFileReference; lastKnownFileType = sourcecode.swift; path = ViewController.swift; sourceTree = "<group>"; };
		11178DDD2784BDE700FA0D69 /* Base */ = {isa = PBXFileReference; lastKnownFileType = file.storyboard; name = Base; path = Base.lproj/Main.storyboard; sourceTree = "<group>"; };
		11178DDF2784BDE800FA0D69 /* Assets.xcassets */ = {isa = PBXFileReference; lastKnownFileType = folder.assetcatalog; path = Assets.xcassets; sourceTree = "<group>"; };
		11178DE22784BDE800FA0D69 /* Base */ = {isa = PBXFileReference; lastKnownFileType = file.storyboard; name = Base; path = Base.lproj/LaunchScreen.storyboard; sourceTree = "<group>"; };
		11178DE42784BDE800FA0D69 /* Info.plist */ = {isa = PBXFileReference; lastKnownFileType = text.plist.xml; path = Info.plist; sourceTree = "<group>"; };
		11178DE92784BDE900FA0D69 /* Odds and EvensTests.xctest */ = {isa = PBXFileReference; explicitFileType = wrapper.cfbundle; includeInIndex = 0; path = "Odds and EvensTests.xctest"; sourceTree = BUILT_PRODUCTS_DIR; };
		11178DED2784BDE900FA0D69 /* Odds_and_EvensTests.swift */ = {isa = PBXFileReference; lastKnownFileType = sourcecode.swift; path = Odds_and_EvensTests.swift; sourceTree = "<group>"; };
		11178DF32784BDE900FA0D69 /* Odds and EvensUITests.xctest */ = {isa = PBXFileReference; explicitFileType = wrapper.cfbundle; includeInIndex = 0; path = "Odds and EvensUITests.xctest"; sourceTree = BUILT_PRODUCTS_DIR; };
		11178DF72784BDE900FA0D69 /* Odds_and_EvensUITests.swift */ = {isa = PBXFileReference; lastKnownFileType = sourcecode.swift; path = Odds_and_EvensUITests.swift; sourceTree = "<group>"; };
		11178DF92784BDE900FA0D69 /* Odds_and_EvensUITestsLaunchTests.swift */ = {isa = PBXFileReference; lastKnownFileType = sourcecode.swift; path = Odds_and_EvensUITestsLaunchTests.swift; sourceTree = "<group>"; };
/* End PBXFileReference section */

/* Begin PBXFrameworksBuildPhase section */
		11178DD02784BDE700FA0D69 /* Frameworks */ = {
			isa = PBXFrameworksBuildPhase;
			buildActionMask = 2147483647;
			files = (
			);
			runOnlyForDeploymentPostprocessing = 0;
		};
		11178DE62784BDE900FA0D69 /* Frameworks */ = {
			isa = PBXFrameworksBuildPhase;
			buildActionMask = 2147483647;
			files = (
			);
			runOnlyForDeploymentPostprocessing = 0;
		};
		11178DF02784BDE900FA0D69 /* Frameworks */ = {
			isa = PBXFrameworksBuildPhase;
			buildActionMask = 2147483647;
			files = (
			);
			runOnlyForDeploymentPostprocessing = 0;
		};
/* End PBXFrameworksBuildPhase section */

/* Begin PBXGroup section */
		11178DCA2784BDE700FA0D69 = {
			isa = PBXGroup;
			children = (
				11178DD52784BDE700FA0D69 /* Odds and Evens */,
				11178DEC2784BDE900FA0D69 /* Odds and EvensTests */,
				11178DF62784BDE900FA0D69 /* Odds and EvensUITests */,
				11178DD42784BDE700FA0D69 /* Products */,
			);
			sourceTree = "<group>";
		};
		11178DD42784BDE700FA0D69 /* Products */ = {
			isa = PBXGroup;
			children = (
				11178DD32784BDE700FA0D69 /* Odds and Evens.app */,
				11178DE92784BDE900FA0D69 /* Odds and EvensTests.xctest */,
				11178DF32784BDE900FA0D69 /* Odds and EvensUITests.xctest */,
			);
			name = Products;
			sourceTree = "<group>";
		};
		11178DD52784BDE700FA0D69 /* Odds and Evens */ = {
			isa = PBXGroup;
			children = (
				11178DD62784BDE700FA0D69 /* AppDelegate.swift */,
				11178DD82784BDE700FA0D69 /* SceneDelegate.swift */,
				11178DDA2784BDE700FA0D69 /* ViewController.swift */,
				11178DDC2784BDE700FA0D69 /* Main.storyboard */,
				11178DDF2784BDE800FA0D69 /* Assets.xcassets */,
				11178DE12784BDE800FA0D69 /* LaunchScreen.storyboard */,
				11178DE42784BDE800FA0D69 /* Info.plist */,
			);
			path = "Odds and Evens";
			sourceTree = "<group>";
		};
		11178DEC2784BDE900FA0D69 /* Odds and EvensTests */ = {
			isa = PBXGroup;
			children = (
				11178DED2784BDE900FA0D69 /* Odds_and_EvensTests.swift */,
			);
			path = "Odds and EvensTests";
			sourceTree = "<group>";
		};
		11178DF62784BDE900FA0D69 /* Odds and EvensUITests */ = {
			isa = PBXGroup;
			children = (
				11178DF72784BDE900FA0D69 /* Odds_and_EvensUITests.swift */,
				11178DF92784BDE900FA0D69 /* Odds_and_EvensUITestsLaunchTests.swift */,
			);
			path = "Odds and EvensUITests";
			sourceTree = "<group>";
		};
/* End PBXGroup section */

/* Begin PBXNativeTarget section */
		11178DD22784BDE700FA0D69 /* Odds and Evens */ = {
			isa = PBXNativeTarget;
			buildConfigurationList = 11178DFD2784BDE900FA0D69 /* Build configuration list for PBXNativeTarget "Odds and Evens" */;
			buildPhases = (
				11178DCF2784BDE700FA0D69 /* Sources */,
				11178DD02784BDE700FA0D69 /* Frameworks */,
				11178DD12784BDE700FA0D69 /* Resources */,
			);
			buildRules = (
			);
			dependencies = (
			);
			name = "Odds and Evens";
			productName = "Odds and Evens";
			productReference = 11178DD32784BDE700FA0D69 /* Odds and Evens.app */;
			productType = "com.apple.product-type.application";
		};
		11178DE82784BDE900FA0D69 /* Odds and EvensTests */ = {
			isa = PBXNativeTarget;
			buildConfigurationList = 11178E002784BDE900FA0D69 /* Build configuration list for PBXNativeTarget "Odds and EvensTests" */;
			buildPhases = (
				11178DE52784BDE900FA0D69 /* Sources */,
				11178DE62784BDE900FA0D69 /* Frameworks */,
				11178DE72784BDE900FA0D69 /* Resources */,
			);
			buildRules = (
			);
			dependencies = (
				11178DEB2784BDE900FA0D69 /* PBXTargetDependency */,
			);
			name = "Odds and EvensTests";
			productName = "Odds and EvensTests";
			productReference = 11178DE92784BDE900FA0D69 /* Odds and EvensTests.xctest */;
			productType = "com.apple.product-type.bundle.unit-test";
		};
		11178DF22784BDE900FA0D69 /* Odds and EvensUITests */ = {
			isa = PBXNativeTarget;
			buildConfigurationList = 11178E032784BDE900FA0D69 /* Build configuration list for PBXNativeTarget "Odds and EvensUITests" */;
			buildPhases = (
				11178DEF2784BDE900FA0D69 /* Sources */,
				11178DF02784BDE900FA0D69 /* Frameworks */,
				11178DF12784BDE900FA0D69 /* Resources */,
			);
			buildRules = (
			);
			dependencies = (
				11178DF52784BDE900FA0D69 /* PBXTargetDependency */,
			);
			name = "Odds and EvensUITests";
			productName = "Odds and EvensUITests";
			productReference = 11178DF32784BDE900FA0D69 /* Odds and EvensUITests.xctest */;
			productType = "com.apple.product-type.bundle.ui-testing";
		};
/* End PBXNativeTarget section */

/* Begin PBXProject section */
		11178DCB2784BDE700FA0D69 /* Project object */ = {
			isa = PBXProject;
			attributes = {
				BuildIndependentTargetsInParallel = 1;
				LastSwiftUpdateCheck = 1320;
				LastUpgradeCheck = 1320;
				TargetAttributes = {
					11178DD22784BDE700FA0D69 = {
						CreatedOnToolsVersion = 13.2.1;
					};
					11178DE82784BDE900FA0D69 = {
						CreatedOnToolsVersion = 13.2.1;
						TestTargetID = 11178DD22784BDE700FA0D69;
					};
					11178DF22784BDE900FA0D69 = {
						CreatedOnToolsVersion = 13.2.1;
						TestTargetID = 11178DD22784BDE700FA0D69;
					};
				};
			};
			buildConfigurationList = 11178DCE2784BDE700FA0D69 /* Build configuration list for PBXProject "Odds and Evens" */;
			compatibilityVersion = "Xcode 13.0";
			developmentRegion = en;
			hasScannedForEncodings = 0;
			knownRegions = (
				en,
				Base,
			);
			mainGroup = 11178DCA2784BDE700FA0D69;
			productRefGroup = 11178DD42784BDE700FA0D69 /* Products */;
			projectDirPath = "";
			projectRoot = "";
			targets = (
				11178DD22784BDE700FA0D69 /* Odds and Evens */,
				11178DE82784BDE900FA0D69 /* Odds and EvensTests */,
				11178DF22784BDE900FA0D69 /* Odds and EvensUITests */,
			);
		};
/* End PBXProject section */

/* Begin PBXResourcesBuildPhase section */
		11178DD12784BDE700FA0D69 /* Resources */ = {
			isa = PBXResourcesBuildPhase;
			buildActionMask = 2147483647;
			files = (
				11178DE32784BDE800FA0D69 /* LaunchScreen.storyboard in Resources */,
				11178DE02784BDE800FA0D69 /* Assets.xcassets in Resources */,
				11178DDE2784BDE700FA0D69 /* Main.storyboard in Resources */,
			);
			runOnlyForDeploymentPostprocessing = 0;
		};
		11178DE72784BDE900FA0D69 /* Resources */ = {
			isa = PBXResourcesBuildPhase;
			buildActionMask = 2147483647;
			files = (
			);
			runOnlyForDeploymentPostprocessing = 0;
		};
		11178DF12784BDE900FA0D69 /* Resources */ = {
			isa = PBXResourcesBuildPhase;
			buildActionMask = 2147483647;
			files = (
			);
			runOnlyForDeploymentPostprocessing = 0;
		};
/* End PBXResourcesBuildPhase section */

/* Begin PBXSourcesBuildPhase section */
		11178DCF2784BDE700FA0D69 /* Sources */ = {
			isa = PBXSourcesBuildPhase;
			buildActionMask = 2147483647;
			files = (
				11178DDB2784BDE700FA0D69 /* ViewController.swift in Sources */,
				11178DD72784BDE700FA0D69 /* AppDelegate.swift in Sources */,
				11178DD92784BDE700FA0D69 /* SceneDelegate.swift in Sources */,
			);
			runOnlyForDeploymentPostprocessing = 0;
		};
		11178DE52784BDE900FA0D69 /* Sources */ = {
			isa = PBXSourcesBuildPhase;
			buildActionMask = 2147483647;
			files = (
				11178DEE2784BDE900FA0D69 /* Odds_and_EvensTests.swift in Sources */,
			);
			runOnlyForDeploymentPostprocessing = 0;
		};
		11178DEF2784BDE900FA0D69 /* Sources */ = {
			isa = PBXSourcesBuildPhase;
			buildActionMask = 2147483647;
			files = (
				11178DFA2784BDE900FA0D69 /* Odds_and_EvensUITestsLaunchTests.swift in Sources */,
				11178DF82784BDE900FA0D69 /* Odds_and_EvensUITests.swift in Sources */,
			);
			runOnlyForDeploymentPostprocessing = 0;
		};
/* End PBXSourcesBuildPhase section */

/* Begin PBXTargetDependency section */
		11178DEB2784BDE900FA0D69 /* PBXTargetDependency */ = {
			isa = PBXTargetDependency;
			target = 11178DD22784BDE700FA0D69 /* Odds and Evens */;
			targetProxy = 11178DEA2784BDE900FA0D69 /* PBXContainerItemProxy */;
		};
		11178DF52784BDE900FA0D69 /* PBXTargetDependency */ = {
			isa = PBXTargetDependency;
			target = 11178DD22784BDE700FA0D69 /* Odds and Evens */;
			targetProxy = 11178DF42784BDE900FA0D69 /* PBXContainerItemProxy */;
		};
/* End PBXTargetDependency section */

/* Begin PBXVariantGroup section */
		11178DDC2784BDE700FA0D69 /* Main.storyboard */ = {
			isa = PBXVariantGroup;
			children = (
				11178DDD2784BDE700FA0D69 /* Base */,
			);
			name = Main.storyboard;
			sourceTree = "<group>";
		};
		11178DE12784BDE800FA0D69 /* LaunchScreen.storyboard */ = {
			isa = PBXVariantGroup;
			children = (
				11178DE22784BDE800FA0D69 /* Base */,
			);
			name = LaunchScreen.storyboard;
			sourceTree = "<group>";
		};
/* End PBXVariantGroup section */

/* Begin XCBuildConfiguration section */
		11178DFB2784BDE900FA0D69 /* Debug */ = {
			isa = XCBuildConfiguration;
			buildSettings = {
				ALWAYS_SEARCH_USER_PATHS = NO;
				CLANG_ANALYZER_NONNULL = YES;
				CLANG_ANALYZER_NUMBER_OBJECT_CONVERSION = YES_AGGRESSIVE;
				CLANG_CXX_LANGUAGE_STANDARD = "gnu++17";
				CLANG_CXX_LIBRARY = "libc++";
				CLANG_ENABLE_MODULES = YES;
				CLANG_ENABLE_OBJC_ARC = YES;
				CLANG_ENABLE_OBJC_WEAK = YES;
				CLANG_WARN_BLOCK_CAPTURE_AUTORELEASING = YES;
				CLANG_WARN_BOOL_CONVERSION = YES;
				CLANG_WARN_COMMA = YES;
				CLANG_WARN_CONSTANT_CONVERSION = YES;
				CLANG_WARN_DEPRECATED_OBJC_IMPLEMENTATIONS = YES;
				CLANG_WARN_DIRECT_OBJC_ISA_USAGE = YES_ERROR;
				CLANG_WARN_DOCUMENTATION_COMMENTS = YES;
				CLANG_WARN_EMPTY_BODY = YES;
				CLANG_WARN_ENUM_CONVERSION = YES;
				CLANG_WARN_INFINITE_RECURSION = YES;
				CLANG_WARN_INT_CONVERSION = YES;
				CLANG_WARN_NON_LITERAL_NULL_CONVERSION = YES;
				CLANG_WARN_OBJC_IMPLICIT_RETAIN_SELF = YES;
				CLANG_WARN_OBJC_LITERAL_CONVERSION = YES;
				CLANG_WARN_OBJC_ROOT_CLASS = YES_ERROR;
				CLANG_WARN_QUOTED_INCLUDE_IN_FRAMEWORK_HEADER = YES;
				CLANG_WARN_RANGE_LOOP_ANALYSIS = YES;
				CLANG_WARN_STRICT_PROTOTYPES = YES;
				CLANG_WARN_SUSPICIOUS_MOVE = YES;
				CLANG_WARN_UNGUARDED_AVAILABILITY = YES_AGGRESSIVE;
				CLANG_WARN_UNREACHABLE_CODE = YES;
				CLANG_WARN__DUPLICATE_METHOD_MATCH = YES;
				COPY_PHASE_STRIP = NO;
				DEBUG_INFORMATION_FORMAT = dwarf;
				ENABLE_STRICT_OBJC_MSGSEND = YES;
				ENABLE_TESTABILITY = YES;
				GCC_C_LANGUAGE_STANDARD = gnu11;
				GCC_DYNAMIC_NO_PIC = NO;
				GCC_NO_COMMON_BLOCKS = YES;
				GCC_OPTIMIZATION_LEVEL = 0;
				GCC_PREPROCESSOR_DEFINITIONS = (
					"DEBUG=1",
					"$(inherited)",
				);
				GCC_WARN_64_TO_32_BIT_CONVERSION = YES;
				GCC_WARN_ABOUT_RETURN_TYPE = YES_ERROR;
				GCC_WARN_UNDECLARED_SELECTOR = YES;
				GCC_WARN_UNINITIALIZED_AUTOS = YES_AGGRESSIVE;
				GCC_WARN_UNUSED_FUNCTION = YES;
				GCC_WARN_UNUSED_VARIABLE = YES;
				IPHONEOS_DEPLOYMENT_TARGET = 15.2;
				MTL_ENABLE_DEBUG_INFO = INCLUDE_SOURCE;
				MTL_FAST_MATH = YES;
				ONLY_ACTIVE_ARCH = YES;
				SDKROOT = iphoneos;
				SWIFT_ACTIVE_COMPILATION_CONDITIONS = DEBUG;
				SWIFT_OPTIMIZATION_LEVEL = "-Onone";
			};
			name = Debug;
		};
		11178DFC2784BDE900FA0D69 /* Release */ = {
			isa = XCBuildConfiguration;
			buildSettings = {
				ALWAYS_SEARCH_USER_PATHS = NO;
				CLANG_ANALYZER_NONNULL = YES;
				CLANG_ANALYZER_NUMBER_OBJECT_CONVERSION = YES_AGGRESSIVE;
				CLANG_CXX_LANGUAGE_STANDARD = "gnu++17";
				CLANG_CXX_LIBRARY = "libc++";
				CLANG_ENABLE_MODULES = YES;
				CLANG_ENABLE_OBJC_ARC = YES;
				CLANG_ENABLE_OBJC_WEAK = YES;
				CLANG_WARN_BLOCK_CAPTURE_AUTORELEASING = YES;
				CLANG_WARN_BOOL_CONVERSION = YES;
				CLANG_WARN_COMMA = YES;
				CLANG_WARN_CONSTANT_CONVERSION = YES;
				CLANG_WARN_DEPRECATED_OBJC_IMPLEMENTATIONS = YES;
				CLANG_WARN_DIRECT_OBJC_ISA_USAGE = YES_ERROR;
				CLANG_WARN_DOCUMENTATION_COMMENTS = YES;
				CLANG_WARN_EMPTY_BODY = YES;
				CLANG_WARN_ENUM_CONVERSION = YES;
				CLANG_WARN_INFINITE_RECURSION = YES;
				CLANG_WARN_INT_CONVERSION = YES;
				CLANG_WARN_NON_LITERAL_NULL_CONVERSION = YES;
				CLANG_WARN_OBJC_IMPLICIT_RETAIN_SELF = YES;
				CLANG_WARN_OBJC_LITERAL_CONVERSION = YES;
				CLANG_WARN_OBJC_ROOT_CLASS = YES_ERROR;
				CLANG_WARN_QUOTED_INCLUDE_IN_FRAMEWORK_HEADER = YES;
				CLANG_WARN_RANGE_LOOP_ANALYSIS = YES;
				CLANG_WARN_STRICT_PROTOTYPES = YES;
				CLANG_WARN_SUSPICIOUS_MOVE = YES;
				CLANG_WARN_UNGUARDED_AVAILABILITY = YES_AGGRESSIVE;
				CLANG_WARN_UNREACHABLE_CODE = YES;
				CLANG_WARN__DUPLICATE_METHOD_MATCH = YES;
				COPY_PHASE_STRIP = NO;
				DEBUG_INFORMATION_FORMAT = "dwarf-with-dsym";
				ENABLE_NS_ASSERTIONS = NO;
				ENABLE_STRICT_OBJC_MSGSEND = YES;
				GCC_C_LANGUAGE_STANDARD = gnu11;
				GCC_NO_COMMON_BLOCKS = YES;
				GCC_WARN_64_TO_32_BIT_CONVERSION = YES;
				GCC_WARN_ABOUT_RETURN_TYPE = YES_ERROR;
				GCC_WARN_UNDECLARED_SELECTOR = YES;
				GCC_WARN_UNINITIALIZED_AUTOS = YES_AGGRESSIVE;
				GCC_WARN_UNUSED_FUNCTION = YES;
				GCC_WARN_UNUSED_VARIABLE = YES;
				IPHONEOS_DEPLOYMENT_TARGET = 15.2;
				MTL_ENABLE_DEBUG_INFO = NO;
				MTL_FAST_MATH = YES;
				SDKROOT = iphoneos;
				SWIFT_COMPILATION_MODE = wholemodule;
				SWIFT_OPTIMIZATION_LEVEL = "-O";
				VALIDATE_PRODUCT = YES;
			};
			name = Release;
		};
		11178DFE2784BDE900FA0D69 /* Debug */ = {
			isa = XCBuildConfiguration;
			buildSettings = {
				ASSETCATALOG_COMPILER_APPICON_NAME = AppIcon;
				ASSETCATALOG_COMPILER_GLOBAL_ACCENT_COLOR_NAME = AccentColor;
				CODE_SIGN_STYLE = Automatic;
				CURRENT_PROJECT_VERSION = 1;
				DEVELOPMENT_TEAM = BSHCJQ9S58;
				GENERATE_INFOPLIST_FILE = YES;
				INFOPLIST_FILE = "Odds and Evens/Info.plist";
				INFOPLIST_KEY_UIApplicationSupportsIndirectInputEvents = YES;
				INFOPLIST_KEY_UILaunchStoryboardName = LaunchScreen;
				INFOPLIST_KEY_UIMainStoryboardFile = Main;
				INFOPLIST_KEY_UISupportedInterfaceOrientations_iPad = "UIInterfaceOrientationPortrait UIInterfaceOrientationPortraitUpsideDown UIInterfaceOrientationLandscapeLeft UIInterfaceOrientationLandscapeRight";
				INFOPLIST_KEY_UISupportedInterfaceOrientations_iPhone = "UIInterfaceOrientationPortrait UIInterfaceOrientationLandscapeLeft UIInterfaceOrientationLandscapeRight";
				LD_RUNPATH_SEARCH_PATHS = (
					"$(inherited)",
					"@executable_path/Frameworks",
				);
				MARKETING_VERSION = 1.0;
				PRODUCT_BUNDLE_IDENTIFIER = "Ah-Im-Yoo.Odds-and-Evens";
				PRODUCT_NAME = "$(TARGET_NAME)";
				SWIFT_EMIT_LOC_STRINGS = YES;
				SWIFT_VERSION = 5.0;
				TARGETED_DEVICE_FAMILY = "1,2";
			};
			name = Debug;
		};
		11178DFF2784BDE900FA0D69 /* Release */ = {
			isa = XCBuildConfiguration;
			buildSettings = {
				ASSETCATALOG_COMPILER_APPICON_NAME = AppIcon;
				ASSETCATALOG_COMPILER_GLOBAL_ACCENT_COLOR_NAME = AccentColor;
				CODE_SIGN_STYLE = Automatic;
				CURRENT_PROJECT_VERSION = 1;
				DEVELOPMENT_TEAM = BSHCJQ9S58;
				GENERATE_INFOPLIST_FILE = YES;
				INFOPLIST_FILE = "Odds and Evens/Info.plist";
				INFOPLIST_KEY_UIApplicationSupportsIndirectInputEvents = YES;
				INFOPLIST_KEY_UILaunchStoryboardName = LaunchScreen;
				INFOPLIST_KEY_UIMainStoryboardFile = Main;
				INFOPLIST_KEY_UISupportedInterfaceOrientations_iPad = "UIInterfaceOrientationPortrait UIInterfaceOrientationPortraitUpsideDown UIInterfaceOrientationLandscapeLeft UIInterfaceOrientationLandscapeRight";
				INFOPLIST_KEY_UISupportedInterfaceOrientations_iPhone = "UIInterfaceOrientationPortrait UIInterfaceOrientationLandscapeLeft UIInterfaceOrientationLandscapeRight";
				LD_RUNPATH_SEARCH_PATHS = (
					"$(inherited)",
					"@executable_path/Frameworks",
				);
				MARKETING_VERSION = 1.0;
				PRODUCT_BUNDLE_IDENTIFIER = "Ah-Im-Yoo.Odds-and-Evens";
				PRODUCT_NAME = "$(TARGET_NAME)";
				SWIFT_EMIT_LOC_STRINGS = YES;
				SWIFT_VERSION = 5.0;
				TARGETED_DEVICE_FAMILY = "1,2";
			};
			name = Release;
		};
		11178E012784BDE900FA0D69 /* Debug */ = {
			isa = XCBuildConfiguration;
			buildSettings = {
				ALWAYS_EMBED_SWIFT_STANDARD_LIBRARIES = YES;
				BUNDLE_LOADER = "$(TEST_HOST)";
				CODE_SIGN_STYLE = Automatic;
				CURRENT_PROJECT_VERSION = 1;
				DEVELOPMENT_TEAM = BSHCJQ9S58;
				GENERATE_INFOPLIST_FILE = YES;
				IPHONEOS_DEPLOYMENT_TARGET = 15.2;
				MARKETING_VERSION = 1.0;
				PRODUCT_BUNDLE_IDENTIFIER = "Ah-Im-Yoo.Odds-and-EvensTests";
				PRODUCT_NAME = "$(TARGET_NAME)";
				SWIFT_EMIT_LOC_STRINGS = NO;
				SWIFT_VERSION = 5.0;
				TARGETED_DEVICE_FAMILY = "1,2";
				TEST_HOST = "$(BUILT_PRODUCTS_DIR)/Odds and Evens.app/Odds and Evens";
			};
			name = Debug;
		};
		11178E022784BDE900FA0D69 /* Release */ = {
			isa = XCBuildConfiguration;
			buildSettings = {
				ALWAYS_EMBED_SWIFT_STANDARD_LIBRARIES = YES;
				BUNDLE_LOADER = "$(TEST_HOST)";
				CODE_SIGN_STYLE = Automatic;
				CURRENT_PROJECT_VERSION = 1;
				DEVELOPMENT_TEAM = BSHCJQ9S58;
				GENERATE_INFOPLIST_FILE = YES;
				IPHONEOS_DEPLOYMENT_TARGET = 15.2;
				MARKETING_VERSION = 1.0;
				PRODUCT_BUNDLE_IDENTIFIER = "Ah-Im-Yoo.Odds-and-EvensTests";
				PRODUCT_NAME = "$(TARGET_NAME)";
				SWIFT_EMIT_LOC_STRINGS = NO;
				SWIFT_VERSION = 5.0;
				TARGETED_DEVICE_FAMILY = "1,2";
				TEST_HOST = "$(BUILT_PRODUCTS_DIR)/Odds and Evens.app/Odds and Evens";
			};
			name = Release;
		};
		11178E042784BDE900FA0D69 /* Debug */ = {
			isa = XCBuildConfiguration;
			buildSettings = {
				ALWAYS_EMBED_SWIFT_STANDARD_LIBRARIES = YES;
				CODE_SIGN_STYLE = Automatic;
				CURRENT_PROJECT_VERSION = 1;
				DEVELOPMENT_TEAM = BSHCJQ9S58;
				GENERATE_INFOPLIST_FILE = YES;
				MARKETING_VERSION = 1.0;
				PRODUCT_BUNDLE_IDENTIFIER = "Ah-Im-Yoo.Odds-and-EvensUITests";
				PRODUCT_NAME = "$(TARGET_NAME)";
				SWIFT_EMIT_LOC_STRINGS = NO;
				SWIFT_VERSION = 5.0;
				TARGETED_DEVICE_FAMILY = "1,2";
				TEST_TARGET_NAME = "Odds and Evens";
			};
			name = Debug;
		};
		11178E052784BDE900FA0D69 /* Release */ = {
			isa = XCBuildConfiguration;
			buildSettings = {
				ALWAYS_EMBED_SWIFT_STANDARD_LIBRARIES = YES;
				CODE_SIGN_STYLE = Automatic;
				CURRENT_PROJECT_VERSION = 1;
				DEVELOPMENT_TEAM = BSHCJQ9S58;
				GENERATE_INFOPLIST_FILE = YES;
				MARKETING_VERSION = 1.0;
				PRODUCT_BUNDLE_IDENTIFIER = "Ah-Im-Yoo.Odds-and-EvensUITests";
				PRODUCT_NAME = "$(TARGET_NAME)";
				SWIFT_EMIT_LOC_STRINGS = NO;
				SWIFT_VERSION = 5.0;
				TARGETED_DEVICE_FAMILY = "1,2";
				TEST_TARGET_NAME = "Odds and Evens";
			};
			name = Release;
		};
/* End XCBuildConfiguration section */

/* Begin XCConfigurationList section */
		11178DCE2784BDE700FA0D69 /* Build configuration list for PBXProject "Odds and Evens" */ = {
			isa = XCConfigurationList;
			buildConfigurations = (
				11178DFB2784BDE900FA0D69 /* Debug */,
				11178DFC2784BDE900FA0D69 /* Release */,
			);
			defaultConfigurationIsVisible = 0;
			defaultConfigurationName = Release;
		};
		11178DFD2784BDE900FA0D69 /* Build configuration list for PBXNativeTarget "Odds and Evens" */ = {
			isa = XCConfigurationList;
			buildConfigurations = (
				11178DFE2784BDE900FA0D69 /* Debug */,
				11178DFF2784BDE900FA0D69 /* Release */,
			);
			defaultConfigurationIsVisible = 0;
			defaultConfigurationName = Release;
		};
		11178E002784BDE900FA0D69 /* Build configuration list for PBXNativeTarget "Odds and EvensTests" */ = {
			isa = XCConfigurationList;
			buildConfigurations = (
				11178E012784BDE900FA0D69 /* Debug */,
				11178E022784BDE900FA0D69 /* Release */,
			);
			defaultConfigurationIsVisible = 0;
			defaultConfigurationName = Release;
		};
		11178E032784BDE900FA0D69 /* Build configuration list for PBXNativeTarget "Odds and EvensUITests" */ = {
			isa = XCConfigurationList;
			buildConfigurations = (
				11178E042784BDE900FA0D69 /* Debug */,
				11178E052784BDE900FA0D69 /* Release */,
			);
			defaultConfigurationIsVisible = 0;
			defaultConfigurationName = Release;
		};
/* End XCConfigurationList section */
	};
	rootObject = 11178DCB2784BDE700FA0D69 /* Project object */;
}
